PODS:
  - AFNetworking (3.1.0):
    - AFNetworking/NSURLSession (= 3.1.0)
    - AFNetworking/Reachability (= 3.1.0)
    - AFNetworking/Security (= 3.1.0)
    - AFNetworking/Serialization (= 3.1.0)
    - AFNetworking/UIKit (= 3.1.0)
  - AFNetworking/NSURLSession (3.1.0):
    - AFNetworking/Reachability
    - AFNetworking/Security
    - AFNetworking/Serialization
  - AFNetworking/Reachability (3.1.0)
  - AFNetworking/Security (3.1.0)
  - AFNetworking/Serialization (3.1.0)
  - AFNetworking/UIKit (3.1.0):
    - AFNetworking/NSURLSession
  - AFSoundManager (2.1)
  - AXRatingView (1.0.3)
  - CocoaAsyncSocket (7.5.0):
    - CocoaAsyncSocket/GCD (= 7.5.0)
  - CocoaAsyncSocket/GCD (7.5.0)
  - CYLTabBarController (1.6.0)
  - DateTools (1.7.0)
  - DOUAudioStreamer (0.2.11)
  - EAIntroView (2.9.0):
    - EARestrictedScrollView (~> 1.1.0)
  - EARestrictedScrollView (1.1.0)
  - FoldingTabBar (1.0.8)
  - FTFontSelector (1.1.3)
  - FTPopOverMenu (1.1.9)
  - GVUserDefaults (1.0.2)
  - HexColors (2.2.1)
  - HPGrowingTextView (1.1)
  - InfColorPicker (0.0.1)
  - INTULocationManager (4.2.0)
  - JazzHands (2.0.8)
  - JDStatusBarNotification (1.5.3)
  - JKCategories (1.4)
  - JVFloatLabeledTextField (1.0.2)
  - KYCuteView (1.3.0)
  - KYGooeyMenu (1.0.5)
  - libextobjc (0.4.1):
    - libextobjc/EXTADT (= 0.4.1)
    - libextobjc/EXTConcreteProtocol (= 0.4.1)
    - libextobjc/EXTKeyPathCoding (= 0.4.1)
    - libextobjc/EXTNil (= 0.4.1)
    - libextobjc/EXTSafeCategory (= 0.4.1)
    - libextobjc/EXTScope (= 0.4.1)
    - libextobjc/EXTSelectorChecking (= 0.4.1)
    - libextobjc/EXTSynthesize (= 0.4.1)
    - libextobjc/NSInvocation+EXT (= 0.4.1)
    - libextobjc/NSMethodSignature+EXT (= 0.4.1)
    - libextobjc/RuntimeExtensions (= 0.4.1)
    - libextobjc/UmbrellaHeader (= 0.4.1)
  - libextobjc/EXTADT (0.4.1):
    - libextobjc/RuntimeExtensions
  - libextobjc/EXTConcreteProtocol (0.4.1):
    - libextobjc/RuntimeExtensions
  - libextobjc/EXTKeyPathCoding (0.4.1):
    - libextobjc/RuntimeExtensions
  - libextobjc/EXTNil (0.4.1):
    - libextobjc/RuntimeExtensions
  - libextobjc/EXTSafeCategory (0.4.1):
    - libextobjc/RuntimeExtensions
  - libextobjc/EXTScope (0.4.1):
    - libextobjc/RuntimeExtensions
  - libextobjc/EXTSelectorChecking (0.4.1):
    - libextobjc/RuntimeExtensions
  - libextobjc/EXTSynthesize (0.4.1):
    - libextobjc/RuntimeExtensions
  - libextobjc/NSInvocation+EXT (0.4.1):
    - libextobjc/RuntimeExtensions
  - libextobjc/NSMethodSignature+EXT (0.4.1):
    - libextobjc/RuntimeExtensions
  - libextobjc/RuntimeExtensions (0.4.1)
  - libextobjc/UmbrellaHeader (0.4.1)
  - LinqToObjectiveC (2.1.0)
  - M13ProgressSuite (1.2.8)
  - MagicalRecord (2.3.2):
    - MagicalRecord/Core (= 2.3.2)
  - MagicalRecord/Core (2.3.2)
  - Mantle (1.5.5):
    - Mantle/extobjc (= 1.5.5)
  - Mantle/extobjc (1.5.5)
  - MarqueeLabel (2.7.9):
    - MarqueeLabel/ObjC (= 2.7.9)
  - MarqueeLabel/ObjC (2.7.9)
  - Masonry (1.0.1)
  - MJRefresh (3.1.12)
  - MLPAutoCompleteTextField (1.5)
  - MMDrawerController (0.6.0):
    - MMDrawerController/Core (= 0.6.0)
    - MMDrawerController/MMDrawerBarButtonItem (= 0.6.0)
    - MMDrawerController/MMDrawerVisualStates (= 0.6.0)
    - MMDrawerController/Subclass (= 0.6.0)
  - MMDrawerController/Core (0.6.0)
  - MMDrawerController/MMDrawerBarButtonItem (0.6.0):
    - MMDrawerController/Core
  - MMDrawerController/MMDrawerVisualStates (0.6.0):
    - MMDrawerController/Core
  - MMDrawerController/Subclass (0.6.0):
    - MMDrawerController/Core
  - MRProgress (0.8.3):
    - MRProgress/ActivityIndicator (= 0.8.3)
    - MRProgress/Blur (= 0.8.3)
    - MRProgress/Circular (= 0.8.3)
    - MRProgress/Icons (= 0.8.3)
    - MRProgress/NavigationBarProgress (= 0.8.3)
    - MRProgress/Overlay (= 0.8.3)
  - MRProgress/ActivityIndicator (0.8.3):
    - MRProgress/Stopable
  - MRProgress/Blur (0.8.3):
    - MRProgress/Helper
  - MRProgress/Circular (0.8.3):
    - MRProgress/Helper
    - MRProgress/ProgressBaseClass
    - MRProgress/Stopable
  - MRProgress/Helper (0.8.3)
  - MRProgress/Icons (0.8.3)
  - MRProgress/NavigationBarProgress (0.8.3):
    - MRProgress/ProgressBaseClass
  - MRProgress/Overlay (0.8.3):
    - MRProgress/ActivityIndicator
    - MRProgress/Blur
    - MRProgress/Circular
    - MRProgress/Helper
    - MRProgress/Icons
  - MRProgress/ProgressBaseClass (0.8.3)
  - MRProgress/Stopable (0.8.3):
    - MRProgress/Helper
  - MTAnimation (1.2.2)
  - objectiveflickr (2.0.4)
  - Onboard (2.2.0)
  - pop (1.0.9)
  - PQFCustomLoaders (1.1.0):
    - pop (~> 1.0)
    - UIColor+FlatColors
  - PSTCollectionView (1.2.3)
  - RBBAnimation (0.4.0)
  - ReactiveCocoa (2.5):
    - ReactiveCocoa/UI (= 2.5)
  - ReactiveCocoa/Core (2.5):
    - ReactiveCocoa/no-arc
  - ReactiveCocoa/no-arc (2.5)
  - ReactiveCocoa/UI (2.5):
    - ReactiveCocoa/Core
  - ReactiveViewModel (0.1.1):
    - ReactiveCocoa (~> 2.1)
  - REMenu (1.10)
  - SDWebImage (3.8.1):
    - SDWebImage/Core (= 3.8.1)
  - SDWebImage/Core (3.8.1)
  - Shapes (1.0.2)
  - SMPageControl (1.2)
  - SSKeychain (1.4.1)
  - SVProgressHUD (2.0.3)
  - SWTableViewCell (0.3.7)
  - TapkuLibrary (0.3.8)
  - TGCameraViewController (2.2.5)
  - TSMessages (0.9.12):
    - HexColors (~> 2.2.0)
  - TWMessageBarManager (1.8.1)
  - UIColor+FlatColors (0.0.2)
  - WYPopoverController (0.3.9)
  - XLForm (3.2.0)
  - YLProgressBar (3.10.0)
  - YYKit (1.0.7):
    - YYKit/no-arc (= 1.0.7)
  - YYKit/no-arc (1.0.7)

DEPENDENCIES:
  - AFNetworking
  - AFSoundManager
  - AXRatingView (= 1.0.3)
  - CocoaAsyncSocket
  - CYLTabBarController
  - DateTools
  - DOUAudioStreamer (= 0.2.11)
  - EAIntroView
  - FoldingTabBar
  - FTFontSelector
  - FTPopOverMenu
  - GVUserDefaults
  - HPGrowingTextView
  - InfColorPicker
  - INTULocationManager
  - JazzHands
  - JDStatusBarNotification
  - JKCategories
  - JVFloatLabeledTextField (= 1.0.2)
  - KYCuteView
  - KYGooeyMenu
  - libextobjc
  - LinqToObjectiveC
  - M13ProgressSuite
  - MagicalRecord
  - Mantle (= 1.5.5)
  - MarqueeLabel
  - Masonry
  - MJRefresh
  - MLPAutoCompleteTextField
  - MMDrawerController
  - MRProgress
  - MTAnimation
  - objectiveflickr
  - Onboard
  - pop
  - PQFCustomLoaders
  - PSTCollectionView
  - RBBAnimation
  - ReactiveCocoa
  - ReactiveViewModel (= 0.1.1)
  - REMenu
  - SDWebImage
  - Shapes
  - SMPageControl (~> 1.2)
  - SSKeychain
  - SVProgressHUD
  - SWTableViewCell
  - TapkuLibrary
  - TGCameraViewController
  - TSMessages
  - TWMessageBarManager
  - WYPopoverController
  - XLForm
  - YLProgressBar
  - YYKit

SPEC CHECKSUMS:
  AFNetworking: 5e0e199f73d8626b11e79750991f5d173d1f8b67
  AFSoundManager: 232af6154e736e6b2d8c93fafebfafd14fad7510
  AXRatingView: ccaadc1bbda99a4b7e1d556059482d2b933a9f4e
  CocoaAsyncSocket: 3baeb1ddd969f81cf9fca81053ae49ef2d1cbbfa
  CYLTabBarController: efbdd574772be17f17965acd7ee993f5972ff02f
  DateTools: 53288ee8b905fdc75897a1e6b5cc0144b14cba60
  DOUAudioStreamer: 8aefc3e80eb6c01ec89fa3c30743c660e8c55bae
  EAIntroView: 76f68cc56242f2e25359419e6ecc2344ee7e1756
  EARestrictedScrollView: b0c2a3f92fb2610bb44d71c5e4893777c89e45ef
  FoldingTabBar: ff8d5dbb955b9b0d8280966e2a11dd71f854e155
  FTFontSelector: a5f0fc4dfb1606ad76da38570b0816c2e6c0d136
  FTPopOverMenu: 7306ce4f378dc3f9e80c356284634ef0df886e61
  GVUserDefaults: 52d48cf8ba578b40a1a76312b196dfc9134ba36a
  HexColors: abfd172e329dab59888614ccba6f216cec59289d
  HPGrowingTextView: 88a716d97fb853bcb08a4a08e4727da17efc9b19
  InfColorPicker: 8bfb8d8d44c356f0c98587a049783e900d7b5ff9
  INTULocationManager: 73f8254b3d05c897c56bb13c190e5b7c648c0998
  JazzHands: 355dc5c2b6fc38ee460d0ed7836c69539263f477
  JDStatusBarNotification: 29413865af11c862c17180610b0f46a21118b412
  JKCategories: 7575c5e39a54e664c44969ee2fab36d75a9c1d17
  JVFloatLabeledTextField: 58a3a32cfb800e5b224f676987e7c13abf50a14d
  KYCuteView: ad61c0ef95a2595e6bade134189d5a4dbe3ed3f2
  KYGooeyMenu: 3d9f3504b59a5dd1b6c4ff34a06836284647a2aa
  libextobjc: a650fc1bf489a3d3a9bc2e621efa3e1006fc5471
  LinqToObjectiveC: f0e40c137a458b6b9725c4c7b6a575c0c72e3aec
  M13ProgressSuite: c357c8c163a59a7405e5a9ad7e9c63a19e5e5d20
  MagicalRecord: 53bed74b4323b930992a725be713e53b37d19755
  Mantle: 1b29072a707453975b200a173cf77ec1e2810b75
  MarqueeLabel: 645cf4be33f8dca66fd7b15471e331d5a8d378df
  Masonry: a1a931a0d08870ed8ae415a2ea5ea68ebcac77df
  MJRefresh: b96cdb21c4aa75a7b07654311ab2f315c497e806
  MLPAutoCompleteTextField: ba4d507bbff2bd4f139d4197814fc8dd39caf77e
  MMDrawerController: e3a54a5570388463ad3b36975251575b50c4e1a0
  MRProgress: 16de7cc9f347e8846797a770db102a323fe7ef09
  MTAnimation: 1079f4ff38c0282779ced010d7363a8f893fd3ee
  objectiveflickr: aed169dae1eb5a5550ca78f7efd7ccde2e4c26e5
  Onboard: c46261255c0bcbe26ab2823782764c96fca7a33e
  pop: f667631a5108a2e60d9e8797c9b32ddaf2080bce
  PQFCustomLoaders: 861daed580660069d1cb5c61db835baabf1f21a5
  PSTCollectionView: 6749df92885353521f55279a7ce2b293762e2be4
  RBBAnimation: 4b2d66f6d993febce63cd564da934985313b9c59
  ReactiveCocoa: e2db045570aa97c695e7aa97c2bcab222ae51f4a
  ReactiveViewModel: 171492c2d30d3eb3c89730fd180c0f6a2ae7e774
  REMenu: 30dad195930adf6c5eeb8041e3257aa60bf9fa49
  SDWebImage: 35f9627a3e44b4f292a8a8ce6a531fa488239b91
  Shapes: 0e67e4324ce4a3cd0d4ca9431bd26387a677877f
  SMPageControl: 922892813001cfaf059e86e6801f46a967e9ee29
  SSKeychain: 55cc80f66f5c73da827e3077f02e43528897db41
  SVProgressHUD: b0830714205bea1317ea1a2ebc71e5633af334d4
  SWTableViewCell: 2a94aadc9d47b2b611fa064566bf57948b95b579
  TapkuLibrary: 7a406dac46eff8595e191557eba88959f97f69b7
  TGCameraViewController: f982aca646a8f55152b32e75eef9ab30c97a9b53
  TSMessages: c8cc7b80f2a833af533872cd02010cac061532cc
  TWMessageBarManager: fd84e7948ba7968a2b5d9454859135761214ec56
  UIColor+FlatColors: 6c699df7a575281794c688c64cee6c44fd1f93b4
  WYPopoverController: a9db25ac2841a686acdc0f3a99bdb21545db32f4
  XLForm: 2250b4e96ab8ffa5f3355838c79edd90de451782
  YLProgressBar: 40a0627522dc1b536e02bf082a1b1ce3085b4668
  YYKit: 843d1b26e20b82c695790c9a89907eaa1e99907f

PODFILE CHECKSUM: 924d3b66f6cfe37ced115af95c130f1c70c5f2d6

COCOAPODS: 1.0.1
